
Microsoft Visual Studio Solution File, Format Version 12.00
# Visual Studio Version 16
VisualStudioVersion = 16.0.31624.102
MinimumVisualStudioVersion = 10.0.40219.1
Project("{FAE04EC0-301F-11D3-BF4B-00C04F79EFBC}") = "WebApplication", "WebApplication\WebApplication.csproj", "{BF777787-ABB8-4787-AF2B-8C2E7B35045F}"
EndProject
Global
	GlobalSection(SolutionConfigurationPlatforms) = preSolution
		Debug|Any CPU = Debug|Any CPU
		Release|Any CPU = Release|Any CPU
	EndGlobalSection
	GlobalSection(ProjectConfigurationPlatforms) = postSolution
		{BF777787-ABB8-4787-AF2B-8C2E7B35045F}.Debug|Any CPU.ActiveCfg = Debug|Any CPU
		{BF777787-ABB8-4787-AF2B-8C2E7B35045F}.Debug|Any CPU.Build.0 = Debug|Any CPU
		{BF777787-ABB8-4787-AF2B-8C2E7B35045F}.Release|Any CPU.ActiveCfg = Release|Any CPU
		{BF777787-ABB8-4787-AF2B-8C2E7B35045F}.Release|Any CPU.Build.0 = Release|Any CPU
	EndGlobalSection
	GlobalSection(SolutionProperties) = preSolution
		HideSolutionNode = FALSE
	EndGlobalSection
	GlobalSection(ExtensibilityGlobals) = postSolution
		SolutionGuid = {4B5B7195-0245-49F2-A08E-540EA0E331F8}
	EndGlobalSection
EndGlobal
